Microsoft Visual Studio Solution File, Format Version 12.00
# Visual Studio Version 17
VisualStudioVersion = 17.5.2.0
MinimumVisualStudioVersion = 10.0.40219.1
Project("{FAE04EC0-301F-11D3-BF4B-00C04F79EFBC}") = "NeutralContainer", "NeutralContainer\NeutralContainer.csproj", "{6F41134C-D5A4-B24F-B08F-6FCD6E0D9B5C}"
EndProject
Global
	GlobalSection(SolutionConfigurationPlatforms) = preSolution
		Debug|Any CPU = Debug|Any CPU
		Release|Any CPU = Release|Any CPU
	EndGlobalSection
	GlobalSection(ProjectConfigurationPlatforms) = postSolution
		{6F41134C-D5A4-B24F-B08F-6FCD6E0D9B5C}.Debug|Any CPU.ActiveCfg = Debug|Any CPU
		{6F41134C-D5A4-B24F-B08F-6FCD6E0D9B5C}.Debug|Any CPU.Build.0 = Debug|Any CPU
		{6F41134C-D5A4-B24F-B08F-6FCD6E0D9B5C}.Release|Any CPU.ActiveCfg = Release|Any CPU
		{6F41134C-D5A4-B24F-B08F-6FCD6E0D9B5C}.Release|Any CPU.Build.0 = Release|Any CPU
	EndGlobalSection
	GlobalSection(SolutionProperties) = preSolution
		HideSolutionNode = FALSE
	EndGlobalSection
	GlobalSection(ExtensibilityGlobals) = postSolution
		SolutionGuid = {5741960D-8E5A-4BB0-9820-920BBCDCB004}
	EndGlobalSection
EndGlobal
